
Microsoft Visual Studio Solution File, Format Version 12.00
# Visual Studio Version 17
VisualStudioVersion = 17.0.31825.309
MinimumVisualStudioVersion = 10.0.40219.1
Project("{9A19103F-16F7-4668-BE54-9A1E7A4F7556}") = "OgameWrapper", "OgameWrapper\OgameWrapper.csproj", "{9BEDDDD4-199F-4BA0-A914-C5A11AC60834}"
EndProject
Project("{9A19103F-16F7-4668-BE54-9A1E7A4F7556}") = "OgameWrapperTests", "OgameWrapperTests\OgameWrapperTests.csproj", "{C72E6D3C-7491-4FC6-91F5-84A0FD6FC535}"
	ProjectSection(ProjectDependencies) = postProject
		{84DE1DDF-35E9-4974-A3CE-2B976469642E} = {84DE1DDF-35E9-4974-A3CE-2B976469642E}
	EndProjectSection
EndProject
Project("{9A19103F-16F7-4668-BE54-9A1E7A4F7556}") = "OgameWrapperSample", "OgameWrapperSample\OgameWrapperSample.csproj", "{A8AB1DD8-8E31-4062-85B2-AEE6D1B313A8}"
	ProjectSection(ProjectDependencies) = postProject
		{84DE1DDF-35E9-4974-A3CE-2B976469642E} = {84DE1DDF-35E9-4974-A3CE-2B976469642E}
	EndProjectSection
EndProject
Project("{9A19103F-16F7-4668-BE54-9A1E7A4F7556}") = "OgameCaptchaSolver", "OgameCaptchaSolver\OgameCaptchaSolver.csproj", "{84DE1DDF-35E9-4974-A3CE-2B976469642E}"
EndProject
Project("{9A19103F-16F7-4668-BE54-9A1E7A4F7556}") = "CaptchaCollector", "CaptchaCollector\CaptchaCollector.csproj", "{BB02B0C2-2762-4A2D-9B17-F746E109B12F}"
	ProjectSection(ProjectDependencies) = postProject
		{84DE1DDF-35E9-4974-A3CE-2B976469642E} = {84DE1DDF-35E9-4974-A3CE-2B976469642E}
	EndProjectSection
EndProject
Global
	GlobalSection(SolutionConfigurationPlatforms) = preSolution
		Debug|Any CPU = Debug|Any CPU
		Release|Any CPU = Release|Any CPU
	EndGlobalSection
	GlobalSection(ProjectConfigurationPlatforms) = postSolution
		{9BEDDDD4-199F-4BA0-A914-C5A11AC60834}.Debug|Any CPU.ActiveCfg = Debug|Any CPU
		{9BEDDDD4-199F-4BA0-A914-C5A11AC60834}.Debug|Any CPU.Build.0 = Debug|Any CPU
		{9BEDDDD4-199F-4BA0-A914-C5A11AC60834}.Release|Any CPU.ActiveCfg = Release|Any CPU
		{9BEDDDD4-199F-4BA0-A914-C5A11AC60834}.Release|Any CPU.Build.0 = Release|Any CPU
		{C72E6D3C-7491-4FC6-91F5-84A0FD6FC535}.Debug|Any CPU.ActiveCfg = Debug|Any CPU
		{C72E6D3C-7491-4FC6-91F5-84A0FD6FC535}.Debug|Any CPU.Build.0 = Debug|Any CPU
		{C72E6D3C-7491-4FC6-91F5-84A0FD6FC535}.Release|Any CPU.ActiveCfg = Release|Any CPU
		{C72E6D3C-7491-4FC6-91F5-84A0FD6FC535}.Release|Any CPU.Build.0 = Release|Any CPU
		{A8AB1DD8-8E31-4062-85B2-AEE6D1B313A8}.Debug|Any CPU.ActiveCfg = Debug|Any CPU
		{A8AB1DD8-8E31-4062-85B2-AEE6D1B313A8}.Debug|Any CPU.Build.0 = Debug|Any CPU
		{A8AB1DD8-8E31-4062-85B2-AEE6D1B313A8}.Release|Any CPU.ActiveCfg = Release|Any CPU
		{A8AB1DD8-8E31-4062-85B2-AEE6D1B313A8}.Release|Any CPU.Build.0 = Release|Any CPU
		{84DE1DDF-35E9-4974-A3CE-2B976469642E}.Debug|Any CPU.ActiveCfg = Debug|Any CPU
		{84DE1DDF-35E9-4974-A3CE-2B976469642E}.Debug|Any CPU.Build.0 = Debug|Any CPU
		{84DE1DDF-35E9-4974-A3CE-2B976469642E}.Release|Any CPU.ActiveCfg = Release|Any CPU
		{84DE1DDF-35E9-4974-A3CE-2B976469642E}.Release|Any CPU.Build.0 = Release|Any CPU
		{BB02B0C2-2762-4A2D-9B17-F746E109B12F}.Debug|Any CPU.ActiveCfg = Debug|Any CPU
		{BB02B0C2-2762-4A2D-9B17-F746E109B12F}.Debug|Any CPU.Build.0 = Debug|Any CPU
		{BB02B0C2-2762-4A2D-9B17-F746E109B12F}.Release|Any CPU.ActiveCfg = Release|Any CPU
		{BB02B0C2-2762-4A2D-9B17-F746E109B12F}.Release|Any CPU.Build.0 = Release|Any CPU
	EndGlobalSection
	GlobalSection(SolutionProperties) = preSolution
		HideSolutionNode = FALSE
	EndGlobalSection
	GlobalSection(ExtensibilityGlobals) = postSolution
		SolutionGuid = {B3F1E9FA-39C7-4351-A631-7A43A3617E4C}
	EndGlobalSection
EndGlobal
